// !$*UTF8*$!
{
	archiveVersion = 1;
	classes = {
	};
	objectVersion = 56;
	objects = {

/* Begin PBXBuildFile section */
		58254FC32B24402400FEF41D /* CombineInPracticeApp.swift in Sources */ = {isa = PBXBuildFile; fileRef = 58254FC22B24402400FEF41D /* CombineInPracticeApp.swift */; };
		58254FC52B24402400FEF41D /* ContentView.swift in Sources */ = {isa = PBXBuildFile; fileRef = 58254FC42B24402400FEF41D /* ContentView.swift */; };
		58254FC72B24402400FEF41D /* Item.swift in Sources */ = {isa = PBXBuildFile; fileRef = 58254FC62B24402400FEF41D /* Item.swift */; };
		58254FC92B24402500FEF41D /* Assets.xcassets in Resources */ = {isa = PBXBuildFile; fileRef = 58254FC82B24402500FEF41D /* Assets.xcassets */; };
		58254FCC2B24402500FEF41D /* Preview Assets.xcassets in Resources */ = {isa = PBXBuildFile; fileRef = 58254FCB2B24402500FEF41D /* Preview Assets.xcassets */; };
		58254FD62B24402600FEF41D /* CombineInPracticeTests.swift in Sources */ = {isa = PBXBuildFile; fileRef = 58254FD52B24402600FEF41D /* CombineInPracticeTests.swift */; };
		58254FE02B24402600FEF41D /* CombineInPracticeUITests.swift in Sources */ = {isa = PBXBuildFile; fileRef = 58254FDF2B24402600FEF41D /* CombineInPracticeUITests.swift */; };
		58254FE22B24402600FEF41D /* CombineInPracticeUITestsLaunchTests.swift in Sources */ = {isa = PBXBuildFile; fileRef = 58254FE12B24402600FEF41D /* CombineInPracticeUITestsLaunchTests.swift */; };
		58254FF32B24C95F00FEF41D /* SignUpView.swift in Sources */ = {isa = PBXBuildFile; fileRef = 58254FF22B24C95F00FEF41D /* SignUpView.swift */; };
		58254FF62B24D06800FEF41D /* TextFieldClearButtonModifier.swift in Sources */ = {isa = PBXBuildFile; fileRef = 58254FF52B24D06800FEF41D /* TextFieldClearButtonModifier.swift */; };
		58254FF92B24D2D800FEF41D /* View+.swift in Sources */ = {isa = PBXBuildFile; fileRef = 58254FF82B24D2D800FEF41D /* View+.swift */; };
		58254FFC2B24DA8B00FEF41D /* TextFieldWithSubTitle.swift in Sources */ = {isa = PBXBuildFile; fileRef = 58254FFB2B24DA8B00FEF41D /* TextFieldWithSubTitle.swift */; };
/* End PBXBuildFile section */

/* Begin PBXContainerItemProxy section */
		58254FD22B24402600FEF41D /* PBXContainerItemProxy */ = {
			isa = PBXContainerItemProxy;
			containerPortal = 58254FB72B24402400FEF41D /* Project object */;
			proxyType = 1;
			remoteGlobalIDString = 58254FBE2B24402400FEF41D;
			remoteInfo = CombineInPractice;
		};
		58254FDC2B24402600FEF41D /* PBXContainerItemProxy */ = {
			isa = PBXContainerItemProxy;
			containerPortal = 58254FB72B24402400FEF41D /* Project object */;
			proxyType = 1;
			remoteGlobalIDString = 58254FBE2B24402400FEF41D;
			remoteInfo = CombineInPractice;
		};
/* End PBXContainerItemProxy section */

/* Begin PBXFileReference section */
		58254FBF2B24402400FEF41D /* CombineInPractice.app */ = {isa = PBXFileReference; explicitFileType = wrapper.application; includeInIndex = 0; path = CombineInPractice.app; sourceTree = BUILT_PRODUCTS_DIR; };
		58254FC22B24402400FEF41D /* CombineInPracticeApp.swift */ = {isa = PBXFileReference; lastKnownFileType = sourcecode.swift; path = CombineInPracticeApp.swift; sourceTree = "<group>"; };
		58254FC42B24402400FEF41D /* ContentView.swift */ = {isa = PBXFileReference; lastKnownFileType = sourcecode.swift; path = ContentView.swift; sourceTree = "<group>"; };
		58254FC62B24402400FEF41D /* Item.swift */ = {isa = PBXFileReference; lastKnownFileType = sourcecode.swift; path = Item.swift; sourceTree = "<group>"; };
		58254FC82B24402500FEF41D /* Assets.xcassets */ = {isa = PBXFileReference; lastKnownFileType = folder.assetcatalog; path = Assets.xcassets; sourceTree = "<group>"; };
		58254FCB2B24402500FEF41D /* Preview Assets.xcassets */ = {isa = PBXFileReference; lastKnownFileType = folder.assetcatalog; path = "Preview Assets.xcassets"; sourceTree = "<group>"; };
		58254FD12B24402600FEF41D /* CombineInPracticeTests.xctest */ = {isa = PBXFileReference; explicitFileType = wrapper.cfbundle; includeInIndex = 0; path = CombineInPracticeTests.xctest; sourceTree = BUILT_PRODUCTS_DIR; };
		58254FD52B24402600FEF41D /* CombineInPracticeTests.swift */ = {isa = PBXFileReference; lastKnownFileType = sourcecode.swift; path = CombineInPracticeTests.swift; sourceTree = "<group>"; };
		58254FDB2B24402600FEF41D /* CombineInPracticeUITests.xctest */ = {isa = PBXFileReference; explicitFileType = wrapper.cfbundle; includeInIndex = 0; path = CombineInPracticeUITests.xctest; sourceTree = BUILT_PRODUCTS_DIR; };
		58254FDF2B24402600FEF41D /* CombineInPracticeUITests.swift */ = {isa = PBXFileReference; lastKnownFileType = sourcecode.swift; path = CombineInPracticeUITests.swift; sourceTree = "<group>"; };
		58254FE12B24402600FEF41D /* CombineInPracticeUITestsLaunchTests.swift */ = {isa = PBXFileReference; lastKnownFileType = sourcecode.swift; path = CombineInPracticeUITestsLaunchTests.swift; sourceTree = "<group>"; };
		58254FF22B24C95F00FEF41D /* SignUpView.swift */ = {isa = PBXFileReference; lastKnownFileType = sourcecode.swift; path = SignUpView.swift; sourceTree = "<group>"; };
		58254FF52B24D06800FEF41D /* TextFieldClearButtonModifier.swift */ = {isa = PBXFileReference; lastKnownFileType = sourcecode.swift; path = TextFieldClearButtonModifier.swift; sourceTree = "<group>"; };
		58254FF82B24D2D800FEF41D /* View+.swift */ = {isa = PBXFileReference; lastKnownFileType = sourcecode.swift; path = "View+.swift"; sourceTree = "<group>"; };
		58254FFB2B24DA8B00FEF41D /* TextFieldWithSubTitle.swift */ = {isa = PBXFileReference; lastKnownFileType = sourcecode.swift; path = TextFieldWithSubTitle.swift; sourceTree = "<group>"; };
/* End PBXFileReference section */

/* Begin PBXFrameworksBuildPhase section */
		58254FBC2B24402400FEF41D /* Frameworks */ = {
			isa = PBXFrameworksBuildPhase;
			buildActionMask = 2147483647;
			files = (
			);
			runOnlyForDeploymentPostprocessing = 0;
		};
		58254FCE2B24402600FEF41D /* Frameworks */ = {
			isa = PBXFrameworksBuildPhase;
			buildActionMask = 2147483647;
			files = (
			);
			runOnlyForDeploymentPostprocessing = 0;
		};
		58254FD82B24402600FEF41D /* Frameworks */ = {
			isa = PBXFrameworksBuildPhase;
			buildActionMask = 2147483647;
			files = (
			);
			runOnlyForDeploymentPostprocessing = 0;
		};
/* End PBXFrameworksBuildPhase section */

/* Begin PBXGroup section */
		58254FB62B24402400FEF41D = {
			isa = PBXGroup;
			children = (
				58254FC12B24402400FEF41D /* CombineInPractice */,
				58254FD42B24402600FEF41D /* CombineInPracticeTests */,
				58254FDE2B24402600FEF41D /* CombineInPracticeUITests */,
				58254FC02B24402400FEF41D /* Products */,
			);
			sourceTree = "<group>";
		};
		58254FC02B24402400FEF41D /* Products */ = {
			isa = PBXGroup;
			children = (
				58254FBF2B24402400FEF41D /* CombineInPractice.app */,
				58254FD12B24402600FEF41D /* CombineInPracticeTests.xctest */,
				58254FDB2B24402600FEF41D /* CombineInPracticeUITests.xctest */,
			);
			name = Products;
			sourceTree = "<group>";
		};
		58254FC12B24402400FEF41D /* CombineInPractice */ = {
			isa = PBXGroup;
			children = (
				58254FF02B24C8F600FEF41D /* Apps */,
				58254FEF2B24C8E900FEF41D /* Views */,
				58254FF42B24D01600FEF41D /* Modifiers */,
				58254FF72B24D2BE00FEF41D /* Extensions */,
				58254FEE2B24C8DE00FEF41D /* Models */,
				58254FF12B24C90E00FEF41D /* Resources */,
				58254FCA2B24402500FEF41D /* Preview Content */,
			);
			path = CombineInPractice;
			sourceTree = "<group>";
		};
		58254FCA2B24402500FEF41D /* Preview Content */ = {
			isa = PBXGroup;
			children = (
				58254FCB2B24402500FEF41D /* Preview Assets.xcassets */,
			);
			path = "Preview Content";
			sourceTree = "<group>";
		};
		58254FD42B24402600FEF41D /* CombineInPracticeTests */ = {
			isa = PBXGroup;
			children = (
				58254FD52B24402600FEF41D /* CombineInPracticeTests.swift */,
			);
			path = CombineInPracticeTests;
			sourceTree = "<group>";
		};
		58254FDE2B24402600FEF41D /* CombineInPracticeUITests */ = {
			isa = PBXGroup;
			children = (
				58254FDF2B24402600FEF41D /* CombineInPracticeUITests.swift */,
				58254FE12B24402600FEF41D /* CombineInPracticeUITestsLaunchTests.swift */,
			);
			path = CombineInPracticeUITests;
			sourceTree = "<group>";
		};
		58254FEE2B24C8DE00FEF41D /* Models */ = {
			isa = PBXGroup;
			children = (
				58254FC62B24402400FEF41D /* Item.swift */,
			);
			path = Models;
			sourceTree = "<group>";
		};
		58254FEF2B24C8E900FEF41D /* Views */ = {
			isa = PBXGroup;
			children = (
				58254FC42B24402400FEF41D /* ContentView.swift */,
				58254FF22B24C95F00FEF41D /* SignUpView.swift */,
				58254FFA2B24D51400FEF41D /* Builders */,
			);
			path = Views;
			sourceTree = "<group>";
		};
		58254FF02B24C8F600FEF41D /* Apps */ = {
			isa = PBXGroup;
			children = (
				58254FC22B24402400FEF41D /* CombineInPracticeApp.swift */,
			);
			path = Apps;
			sourceTree = "<group>";
		};
		58254FF12B24C90E00FEF41D /* Resources */ = {
			isa = PBXGroup;
			children = (
				58254FC82B24402500FEF41D /* Assets.xcassets */,
			);
			path = Resources;
			sourceTree = "<group>";
		};
		58254FF42B24D01600FEF41D /* Modifiers */ = {
			isa = PBXGroup;
			children = (
				58254FF52B24D06800FEF41D /* TextFieldClearButtonModifier.swift */,
			);
			path = Modifiers;
			sourceTree = "<group>";
		};
		58254FF72B24D2BE00FEF41D /* Extensions */ = {
			isa = PBXGroup;
			children = (
				58254FF82B24D2D800FEF41D /* View+.swift */,
			);
			path = Extensions;
			sourceTree = "<group>";
		};
		58254FFA2B24D51400FEF41D /* Builders */ = {
			isa = PBXGroup;
			children = (
				58254FFB2B24DA8B00FEF41D /* TextFieldWithSubTitle.swift */,
			);
			path = Builders;
			sourceTree = "<group>";
		};
/* End PBXGroup section */

/* Begin PBXNativeTarget section */
		58254FBE2B24402400FEF41D /* CombineInPractice */ = {
			isa = PBXNativeTarget;
			buildConfigurationList = 58254FE52B24402600FEF41D /* Build configuration list for PBXNativeTarget "CombineInPractice" */;
			buildPhases = (
				58254FBB2B24402400FEF41D /* Sources */,
				58254FBC2B24402400FEF41D /* Frameworks */,
				58254FBD2B24402400FEF41D /* Resources */,
			);
			buildRules = (
			);
			dependencies = (
			);
			name = CombineInPractice;
			productName = CombineInPractice;
			productReference = 58254FBF2B24402400FEF41D /* CombineInPractice.app */;
			productType = "com.apple.product-type.application";
		};
		58254FD02B24402600FEF41D /* CombineInPracticeTests */ = {
			isa = PBXNativeTarget;
			buildConfigurationList = 58254FE82B24402600FEF41D /* Build configuration list for PBXNativeTarget "CombineInPracticeTests" */;
			buildPhases = (
				58254FCD2B24402600FEF41D /* Sources */,
				58254FCE2B24402600FEF41D /* Frameworks */,
				58254FCF2B24402600FEF41D /* Resources */,
			);
			buildRules = (
			);
			dependencies = (
				58254FD32B24402600FEF41D /* PBXTargetDependency */,
			);
			name = CombineInPracticeTests;
			productName = CombineInPracticeTests;
			productReference = 58254FD12B24402600FEF41D /* CombineInPracticeTests.xctest */;
			productType = "com.apple.product-type.bundle.unit-test";
		};
		58254FDA2B24402600FEF41D /* CombineInPracticeUITests */ = {
			isa = PBXNativeTarget;
			buildConfigurationList = 58254FEB2B24402600FEF41D /* Build configuration list for PBXNativeTarget "CombineInPracticeUITests" */;
			buildPhases = (
				58254FD72B24402600FEF41D /* Sources */,
				58254FD82B24402600FEF41D /* Frameworks */,
				58254FD92B24402600FEF41D /* Resources */,
			);
			buildRules = (
			);
			dependencies = (
				58254FDD2B24402600FEF41D /* PBXTargetDependency */,
			);
			name = CombineInPracticeUITests;
			productName = CombineInPracticeUITests;
			productReference = 58254FDB2B24402600FEF41D /* CombineInPracticeUITests.xctest */;
			productType = "com.apple.product-type.bundle.ui-testing";
		};
/* End PBXNativeTarget section */

/* Begin PBXProject section */
		58254FB72B24402400FEF41D /* Project object */ = {
			isa = PBXProject;
			attributes = {
				BuildIndependentTargetsInParallel = 1;
				LastSwiftUpdateCheck = 1500;
				LastUpgradeCheck = 1500;
				TargetAttributes = {
					58254FBE2B24402400FEF41D = {
						CreatedOnToolsVersion = 15.0.1;
					};
					58254FD02B24402600FEF41D = {
						CreatedOnToolsVersion = 15.0.1;
						TestTargetID = 58254FBE2B24402400FEF41D;
					};
					58254FDA2B24402600FEF41D = {
						CreatedOnToolsVersion = 15.0.1;
						TestTargetID = 58254FBE2B24402400FEF41D;
					};
				};
			};
			buildConfigurationList = 58254FBA2B24402400FEF41D /* Build configuration list for PBXProject "CombineInPractice" */;
			compatibilityVersion = "Xcode 14.0";
			developmentRegion = en;
			hasScannedForEncodings = 0;
			knownRegions = (
				en,
				Base,
			);
			mainGroup = 58254FB62B24402400FEF41D;
			productRefGroup = 58254FC02B24402400FEF41D /* Products */;
			projectDirPath = "";
			projectRoot = "";
			targets = (
				58254FBE2B24402400FEF41D /* CombineInPractice */,
				58254FD02B24402600FEF41D /* CombineInPracticeTests */,
				58254FDA2B24402600FEF41D /* CombineInPracticeUITests */,
			);
		};
/* End PBXProject section */

/* Begin PBXResourcesBuildPhase section */
		58254FBD2B24402400FEF41D /* Resources */ = {
			isa = PBXResourcesBuildPhase;
			buildActionMask = 2147483647;
			files = (
				58254FCC2B24402500FEF41D /* Preview Assets.xcassets in Resources */,
				58254FC92B24402500FEF41D /* Assets.xcassets in Resources */,
			);
			runOnlyForDeploymentPostprocessing = 0;
		};
		58254FCF2B24402600FEF41D /* Resources */ = {
			isa = PBXResourcesBuildPhase;
			buildActionMask = 2147483647;
			files = (
			);
			runOnlyForDeploymentPostprocessing = 0;
		};
		58254FD92B24402600FEF41D /* Resources */ = {
			isa = PBXResourcesBuildPhase;
			buildActionMask = 2147483647;
			files = (
			);
			runOnlyForDeploymentPostprocessing = 0;
		};
/* End PBXResourcesBuildPhase section */

/* Begin PBXSourcesBuildPhase section */
		58254FBB2B24402400FEF41D /* Sources */ = {
			isa = PBXSourcesBuildPhase;
			buildActionMask = 2147483647;
			files = (
				58254FF32B24C95F00FEF41D /* SignUpView.swift in Sources */,
				58254FC52B24402400FEF41D /* ContentView.swift in Sources */,
				58254FF62B24D06800FEF41D /* TextFieldClearButtonModifier.swift in Sources */,
				58254FC72B24402400FEF41D /* Item.swift in Sources */,
				58254FF92B24D2D800FEF41D /* View+.swift in Sources */,
				58254FC32B24402400FEF41D /* CombineInPracticeApp.swift in Sources */,
				58254FFC2B24DA8B00FEF41D /* TextFieldWithSubTitle.swift in Sources */,
			);
			runOnlyForDeploymentPostprocessing = 0;
		};
		58254FCD2B24402600FEF41D /* Sources */ = {
			isa = PBXSourcesBuildPhase;
			buildActionMask = 2147483647;
			files = (
				58254FD62B24402600FEF41D /* CombineInPracticeTests.swift in Sources */,
			);
			runOnlyForDeploymentPostprocessing = 0;
		};
		58254FD72B24402600FEF41D /* Sources */ = {
			isa = PBXSourcesBuildPhase;
			buildActionMask = 2147483647;
			files = (
				58254FE22B24402600FEF41D /* CombineInPracticeUITestsLaunchTests.swift in Sources */,
				58254FE02B24402600FEF41D /* CombineInPracticeUITests.swift in Sources */,
			);
			runOnlyForDeploymentPostprocessing = 0;
		};
/* End PBXSourcesBuildPhase section */

/* Begin PBXTargetDependency section */
		58254FD32B24402600FEF41D /* PBXTargetDependency */ = {
			isa = PBXTargetDependency;
			target = 58254FBE2B24402400FEF41D /* CombineInPractice */;
			targetProxy = 58254FD22B24402600FEF41D /* PBXContainerItemProxy */;
		};
		58254FDD2B24402600FEF41D /* PBXTargetDependency */ = {
			isa = PBXTargetDependency;
			target = 58254FBE2B24402400FEF41D /* CombineInPractice */;
			targetProxy = 58254FDC2B24402600FEF41D /* PBXContainerItemProxy */;
		};
/* End PBXTargetDependency section */

/* Begin XCBuildConfiguration section */
		58254FE32B24402600FEF41D /* Debug */ = {
			isa = XCBuildConfiguration;
			buildSettings = {
				ALWAYS_SEARCH_USER_PATHS = NO;
				ASSETCATALOG_COMPILER_GENERATE_SWIFT_ASSET_SYMBOL_EXTENSIONS = YES;
				CLANG_ANALYZER_NONNULL = YES;
				CLANG_ANALYZER_NUMBER_OBJECT_CONVERSION = YES_AGGRESSIVE;
				CLANG_CXX_LANGUAGE_STANDARD = "gnu++20";
				CLANG_ENABLE_MODULES = YES;
				CLANG_ENABLE_OBJC_ARC = YES;
				CLANG_ENABLE_OBJC_WEAK = YES;
				CLANG_WARN_BLOCK_CAPTURE_AUTORELEASING = YES;
				CLANG_WARN_BOOL_CONVERSION = YES;
				CLANG_WARN_COMMA = YES;
				CLANG_WARN_CONSTANT_CONVERSION = YES;
				CLANG_WARN_DEPRECATED_OBJC_IMPLEMENTATIONS = YES;
				CLANG_WARN_DIRECT_OBJC_ISA_USAGE = YES_ERROR;
				CLANG_WARN_DOCUMENTATION_COMMENTS = YES;
				CLANG_WARN_EMPTY_BODY = YES;
				CLANG_WARN_ENUM_CONVERSION = YES;
				CLANG_WARN_INFINITE_RECURSION = YES;
				CLANG_WARN_INT_CONVERSION = YES;
				CLANG_WARN_NON_LITERAL_NULL_CONVERSION = YES;
				CLANG_WARN_OBJC_IMPLICIT_RETAIN_SELF = YES;
				CLANG_WARN_OBJC_LITERAL_CONVERSION = YES;
				CLANG_WARN_OBJC_ROOT_CLASS = YES_ERROR;
				CLANG_WARN_QUOTED_INCLUDE_IN_FRAMEWORK_HEADER = YES;
				CLANG_WARN_RANGE_LOOP_ANALYSIS = YES;
				CLANG_WARN_STRICT_PROTOTYPES = YES;
				CLANG_WARN_SUSPICIOUS_MOVE = YES;
				CLANG_WARN_UNGUARDED_AVAILABILITY = YES_AGGRESSIVE;
				CLANG_WARN_UNREACHABLE_CODE = YES;
				CLANG_WARN__DUPLICATE_METHOD_MATCH = YES;
				COPY_PHASE_STRIP = NO;
				DEBUG_INFORMATION_FORMAT = dwarf;
				ENABLE_STRICT_OBJC_MSGSEND = YES;
				ENABLE_TESTABILITY = YES;
				ENABLE_USER_SCRIPT_SANDBOXING = YES;
				GCC_C_LANGUAGE_STANDARD = gnu17;
				GCC_DYNAMIC_NO_PIC = NO;
				GCC_NO_COMMON_BLOCKS = YES;
				GCC_OPTIMIZATION_LEVEL = 0;
				GCC_PREPROCESSOR_DEFINITIONS = (
					"DEBUG=1",
					"$(inherited)",
				);
				GCC_WARN_64_TO_32_BIT_CONVERSION = YES;
				GCC_WARN_ABOUT_RETURN_TYPE = YES_ERROR;
				GCC_WARN_UNDECLARED_SELECTOR = YES;
				GCC_WARN_UNINITIALIZED_AUTOS = YES_AGGRESSIVE;
				GCC_WARN_UNUSED_FUNCTION = YES;
				GCC_WARN_UNUSED_VARIABLE = YES;
				IPHONEOS_DEPLOYMENT_TARGET = 17.0;
				LOCALIZATION_PREFERS_STRING_CATALOGS = YES;
				MTL_ENABLE_DEBUG_INFO = INCLUDE_SOURCE;
				MTL_FAST_MATH = YES;
				ONLY_ACTIVE_ARCH = YES;
				SDKROOT = iphoneos;
				SWIFT_ACTIVE_COMPILATION_CONDITIONS = "DEBUG $(inherited)";
				SWIFT_OPTIMIZATION_LEVEL = "-Onone";
			};
			name = Debug;
		};
		58254FE42B24402600FEF41D /* Release */ = {
			isa = XCBuildConfiguration;
			buildSettings = {
				ALWAYS_SEARCH_USER_PATHS = NO;
				ASSETCATALOG_COMPILER_GENERATE_SWIFT_ASSET_SYMBOL_EXTENSIONS = YES;
				CLANG_ANALYZER_NONNULL = YES;
				CLANG_ANALYZER_NUMBER_OBJECT_CONVERSION = YES_AGGRESSIVE;
				CLANG_CXX_LANGUAGE_STANDARD = "gnu++20";
				CLANG_ENABLE_MODULES = YES;
				CLANG_ENABLE_OBJC_ARC = YES;
				CLANG_ENABLE_OBJC_WEAK = YES;
				CLANG_WARN_BLOCK_CAPTURE_AUTORELEASING = YES;
				CLANG_WARN_BOOL_CONVERSION = YES;
				CLANG_WARN_COMMA = YES;
				CLANG_WARN_CONSTANT_CONVERSION = YES;
				CLANG_WARN_DEPRECATED_OBJC_IMPLEMENTATIONS = YES;
				CLANG_WARN_DIRECT_OBJC_ISA_USAGE = YES_ERROR;
				CLANG_WARN_DOCUMENTATION_COMMENTS = YES;
				CLANG_WARN_EMPTY_BODY = YES;
				CLANG_WARN_ENUM_CONVERSION = YES;
				CLANG_WARN_INFINITE_RECURSION = YES;
				CLANG_WARN_INT_CONVERSION = YES;
				CLANG_WARN_NON_LITERAL_NULL_CONVERSION = YES;
				CLANG_WARN_OBJC_IMPLICIT_RETAIN_SELF = YES;
				CLANG_WARN_OBJC_LITERAL_CONVERSION = YES;
				CLANG_WARN_OBJC_ROOT_CLASS = YES_ERROR;
				CLANG_WARN_QUOTED_INCLUDE_IN_FRAMEWORK_HEADER = YES;
				CLANG_WARN_RANGE_LOOP_ANALYSIS = YES;
				CLANG_WARN_STRICT_PROTOTYPES = YES;
				CLANG_WARN_SUSPICIOUS_MOVE = YES;
				CLANG_WARN_UNGUARDED_AVAILABILITY = YES_AGGRESSIVE;
				CLANG_WARN_UNREACHABLE_CODE = YES;
				CLANG_WARN__DUPLICATE_METHOD_MATCH = YES;
				COPY_PHASE_STRIP = NO;
				DEBUG_INFORMATION_FORMAT = "dwarf-with-dsym";
				ENABLE_NS_ASSERTIONS = NO;
				ENABLE_STRICT_OBJC_MSGSEND = YES;
				ENABLE_USER_SCRIPT_SANDBOXING = YES;
				GCC_C_LANGUAGE_STANDARD = gnu17;
				GCC_NO_COMMON_BLOCKS = YES;
				GCC_WARN_64_TO_32_BIT_CONVERSION = YES;
				GCC_WARN_ABOUT_RETURN_TYPE = YES_ERROR;
				GCC_WARN_UNDECLARED_SELECTOR = YES;
				GCC_WARN_UNINITIALIZED_AUTOS = YES_AGGRESSIVE;
				GCC_WARN_UNUSED_FUNCTION = YES;
				GCC_WARN_UNUSED_VARIABLE = YES;
				IPHONEOS_DEPLOYMENT_TARGET = 17.0;
				LOCALIZATION_PREFERS_STRING_CATALOGS = YES;
				MTL_ENABLE_DEBUG_INFO = NO;
				MTL_FAST_MATH = YES;
				SDKROOT = iphoneos;
				SWIFT_COMPILATION_MODE = wholemodule;
				VALIDATE_PRODUCT = YES;
			};
			name = Release;
		};
		58254FE62B24402600FEF41D /* Debug */ = {
			isa = XCBuildConfiguration;
			buildSettings = {
				ASSETCATALOG_COMPILER_APPICON_NAME = AppIcon;
				ASSETCATALOG_COMPILER_GLOBAL_ACCENT_COLOR_NAME = AccentColor;
				CODE_SIGN_STYLE = Automatic;
				CURRENT_PROJECT_VERSION = 1;
				DEVELOPMENT_ASSET_PATHS = "\"CombineInPractice/Preview Content\"";
				DEVELOPMENT_TEAM = 98TYR8WM82;
				ENABLE_PREVIEWS = YES;
				GENERATE_INFOPLIST_FILE = YES;
				INFOPLIST_KEY_UIApplicationSceneManifest_Generation = YES;
				INFOPLIST_KEY_UIApplicationSupportsIndirectInputEvents = YES;
				INFOPLIST_KEY_UILaunchScreen_Generation = YES;
				INFOPLIST_KEY_UISupportedInterfaceOrientations_iPad = "UIInterfaceOrientationPortrait UIInterfaceOrientationPortraitUpsideDown UIInterfaceOrientationLandscapeLeft UIInterfaceOrientationLandscapeRight";
				INFOPLIST_KEY_UISupportedInterfaceOrientations_iPhone = "UIInterfaceOrientationPortrait UIInterfaceOrientationLandscapeLeft UIInterfaceOrientationLandscapeRight";
				LD_RUNPATH_SEARCH_PATHS = (
					"$(inherited)",
					"@executable_path/Frameworks",
				);
				MARKETING_VERSION = 1.0;
				PRODUCT_BUNDLE_IDENTIFIER = com.kyuboShim.CombineInPractice;
				PRODUCT_NAME = "$(TARGET_NAME)";
				SWIFT_EMIT_LOC_STRINGS = YES;
				SWIFT_VERSION = 5.0;
				TARGETED_DEVICE_FAMILY = "1,2";
			};
			name = Debug;
		};
		58254FE72B24402600FEF41D /* Release */ = {
			isa = XCBuildConfiguration;
			buildSettings = {
				ASSETCATALOG_COMPILER_APPICON_NAME = AppIcon;
				ASSETCATALOG_COMPILER_GLOBAL_ACCENT_COLOR_NAME = AccentColor;
				CODE_SIGN_STYLE = Automatic;
				CURRENT_PROJECT_VERSION = 1;
				DEVELOPMENT_ASSET_PATHS = "\"CombineInPractice/Preview Content\"";
				DEVELOPMENT_TEAM = 98TYR8WM82;
				ENABLE_PREVIEWS = YES;
				GENERATE_INFOPLIST_FILE = YES;
				INFOPLIST_KEY_UIApplicationSceneManifest_Generation = YES;
				INFOPLIST_KEY_UIApplicationSupportsIndirectInputEvents = YES;
				INFOPLIST_KEY_UILaunchScreen_Generation = YES;
				INFOPLIST_KEY_UISupportedInterfaceOrientations_iPad = "UIInterfaceOrientationPortrait UIInterfaceOrientationPortraitUpsideDown UIInterfaceOrientationLandscapeLeft UIInterfaceOrientationLandscapeRight";
				INFOPLIST_KEY_UISupportedInterfaceOrientations_iPhone = "UIInterfaceOrientationPortrait UIInterfaceOrientationLandscapeLeft UIInterfaceOrientationLandscapeRight";
				LD_RUNPATH_SEARCH_PATHS = (
					"$(inherited)",
					"@executable_path/Frameworks",
				);
				MARKETING_VERSION = 1.0;
				PRODUCT_BUNDLE_IDENTIFIER = com.kyuboShim.CombineInPractice;
				PRODUCT_NAME = "$(TARGET_NAME)";
				SWIFT_EMIT_LOC_STRINGS = YES;
				SWIFT_VERSION = 5.0;
				TARGETED_DEVICE_FAMILY = "1,2";
			};
			name = Release;
		};
		58254FE92B24402600FEF41D /* Debug */ = {
			isa = XCBuildConfiguration;
			buildSettings = {
				ALWAYS_EMBED_SWIFT_STANDARD_LIBRARIES = YES;
				BUNDLE_LOADER = "$(TEST_HOST)";
				CODE_SIGN_STYLE = Automatic;
				CURRENT_PROJECT_VERSION = 1;
				DEVELOPMENT_TEAM = 98TYR8WM82;
				GENERATE_INFOPLIST_FILE = YES;
				IPHONEOS_DEPLOYMENT_TARGET = 17.0;
				MARKETING_VERSION = 1.0;
				PRODUCT_BUNDLE_IDENTIFIER = com.kyuboShim.CombineInPracticeTests;
				PRODUCT_NAME = "$(TARGET_NAME)";
				SWIFT_EMIT_LOC_STRINGS = NO;
				SWIFT_VERSION = 5.0;
				TARGETED_DEVICE_FAMILY = "1,2";
				TEST_HOST = "$(BUILT_PRODUCTS_DIR)/CombineInPractice.app/$(BUNDLE_EXECUTABLE_FOLDER_PATH)/CombineInPractice";
			};
			name = Debug;
		};
		58254FEA2B24402600FEF41D /* Release */ = {
			isa = XCBuildConfiguration;
			buildSettings = {
				ALWAYS_EMBED_SWIFT_STANDARD_LIBRARIES = YES;
				BUNDLE_LOADER = "$(TEST_HOST)";
				CODE_SIGN_STYLE = Automatic;
				CURRENT_PROJECT_VERSION = 1;
				DEVELOPMENT_TEAM = 98TYR8WM82;
				GENERATE_INFOPLIST_FILE = YES;
				IPHONEOS_DEPLOYMENT_TARGET = 17.0;
				MARKETING_VERSION = 1.0;
				PRODUCT_BUNDLE_IDENTIFIER = com.kyuboShim.CombineInPracticeTests;
				PRODUCT_NAME = "$(TARGET_NAME)";
				SWIFT_EMIT_LOC_STRINGS = NO;
				SWIFT_VERSION = 5.0;
				TARGETED_DEVICE_FAMILY = "1,2";
				TEST_HOST = "$(BUILT_PRODUCTS_DIR)/CombineInPractice.app/$(BUNDLE_EXECUTABLE_FOLDER_PATH)/CombineInPractice";
			};
			name = Release;
		};
		58254FEC2B24402600FEF41D /* Debug */ = {
			isa = XCBuildConfiguration;
			buildSettings = {
				ALWAYS_EMBED_SWIFT_STANDARD_LIBRARIES = YES;
				CODE_SIGN_STYLE = Automatic;
				CURRENT_PROJECT_VERSION = 1;
				DEVELOPMENT_TEAM = 98TYR8WM82;
				GENERATE_INFOPLIST_FILE = YES;
				MARKETING_VERSION = 1.0;
				PRODUCT_BUNDLE_IDENTIFIER = com.kyuboShim.CombineInPracticeUITests;
				PRODUCT_NAME = "$(TARGET_NAME)";
				SWIFT_EMIT_LOC_STRINGS = NO;
				SWIFT_VERSION = 5.0;
				TARGETED_DEVICE_FAMILY = "1,2";
				TEST_TARGET_NAME = CombineInPractice;
			};
			name = Debug;
		};
		58254FED2B24402600FEF41D /* Release */ = {
			isa = XCBuildConfiguration;
			buildSettings = {
				ALWAYS_EMBED_SWIFT_STANDARD_LIBRARIES = YES;
				CODE_SIGN_STYLE = Automatic;
				CURRENT_PROJECT_VERSION = 1;
				DEVELOPMENT_TEAM = 98TYR8WM82;
				GENERATE_INFOPLIST_FILE = YES;
				MARKETING_VERSION = 1.0;
				PRODUCT_BUNDLE_IDENTIFIER = com.kyuboShim.CombineInPracticeUITests;
				PRODUCT_NAME = "$(TARGET_NAME)";
				SWIFT_EMIT_LOC_STRINGS = NO;
				SWIFT_VERSION = 5.0;
				TARGETED_DEVICE_FAMILY = "1,2";
				TEST_TARGET_NAME = CombineInPractice;
			};
			name = Release;
		};
/* End XCBuildConfiguration section */

/* Begin XCConfigurationList section */
		58254FBA2B24402400FEF41D /* Build configuration list for PBXProject "CombineInPractice" */ = {
			isa = XCConfigurationList;
			buildConfigurations = (
				58254FE32B24402600FEF41D /* Debug */,
				58254FE42B24402600FEF41D /* Release */,
			);
			defaultConfigurationIsVisible = 0;
			defaultConfigurationName = Release;
		};
		58254FE52B24402600FEF41D /* Build configuration list for PBXNativeTarget "CombineInPractice" */ = {
			isa = XCConfigurationList;
			buildConfigurations = (
				58254FE62B24402600FEF41D /* Debug */,
				58254FE72B24402600FEF41D /* Release */,
			);
			defaultConfigurationIsVisible = 0;
			defaultConfigurationName = Release;
		};
		58254FE82B24402600FEF41D /* Build configuration list for PBXNativeTarget "CombineInPracticeTests" */ = {
			isa = XCConfigurationList;
			buildConfigurations = (
				58254FE92B24402600FEF41D /* Debug */,
				58254FEA2B24402600FEF41D /* Release */,
			);
			defaultConfigurationIsVisible = 0;
			defaultConfigurationName = Release;
		};
		58254FEB2B24402600FEF41D /* Build configuration list for PBXNativeTarget "CombineInPracticeUITests" */ = {
			isa = XCConfigurationList;
			buildConfigurations = (
				58254FEC2B24402600FEF41D /* Debug */,
				58254FED2B24402600FEF41D /* Release */,
			);
			defaultConfigurationIsVisible = 0;
			defaultConfigurationName = Release;
		};
/* End XCConfigurationList section */
	};
	rootObject = 58254FB72B24402400FEF41D /* Project object */;
}
